
Microsoft Visual Studio Solution File, Format Version 12.00
# Visual Studio Version 17
VisualStudioVersion = 17.0.31903.59
MinimumVisualStudioVersion = 10.0.40219.1
Project("{FAE04EC0-301F-11D3-BF4B-00C04F79EFBC}") = "Api", "src\Api\Api.csproj", "{9910ADF2-5512-4131-89C8-DBB2CBA85A21}"
EndProject
Project("{FAE04EC0-301F-11D3-BF4B-00C04F79EFBC}") = "Application", "src\Application\Application.csproj", "{4E1F1B6C-42D3-4616-9760-C37D2B03207C}"
EndProject
Project("{FAE04EC0-301F-11D3-BF4B-00C04F79EFBC}") = "Domain", "src\Domain\Domain.csproj", "{FFD812CB-F903-4A80-8E8F-611DED196FE2}"
EndProject
Project("{FAE04EC0-301F-11D3-BF4B-00C04F79EFBC}") = "Infrastructure", "src\Infrastructure\Infrastructure.csproj", "{BD833D23-EC2E-4DEE-B242-912B017EFAB0}"
EndProject
Project("{2150E333-8FDC-42A3-9474-1A3956D46DE8}") = "tests", "tests", "{044D59DB-97DC-4217-8964-40271A229228}"
EndProject
Project("{2150E333-8FDC-42A3-9474-1A3956D46DE8}") = "UnitTests", "UnitTests", "{C97FB121-EDE0-447F-820B-A7A7D9E8D11F}"
EndProject
Project("{FAE04EC0-301F-11D3-BF4B-00C04F79EFBC}") = "Application.Pets.UnitTests", "tests\UnitTests\Application.Pets.UnitTests\Application.Pets.UnitTests.csproj", "{FF9FAD93-1028-4E24-8328-6ACAC13E91DB}"
EndProject
Global
	GlobalSection(SolutionConfigurationPlatforms) = preSolution
		Debug|Any CPU = Debug|Any CPU
		Release|Any CPU = Release|Any CPU
	EndGlobalSection
	GlobalSection(ProjectConfigurationPlatforms) = postSolution
		{9910ADF2-5512-4131-89C8-DBB2CBA85A21}.Debug|Any CPU.ActiveCfg = Debug|Any CPU
		{9910ADF2-5512-4131-89C8-DBB2CBA85A21}.Debug|Any CPU.Build.0 = Debug|Any CPU
		{9910ADF2-5512-4131-89C8-DBB2CBA85A21}.Release|Any CPU.ActiveCfg = Release|Any CPU
		{9910ADF2-5512-4131-89C8-DBB2CBA85A21}.Release|Any CPU.Build.0 = Release|Any CPU
		{4E1F1B6C-42D3-4616-9760-C37D2B03207C}.Debug|Any CPU.ActiveCfg = Debug|Any CPU
		{4E1F1B6C-42D3-4616-9760-C37D2B03207C}.Debug|Any CPU.Build.0 = Debug|Any CPU
		{4E1F1B6C-42D3-4616-9760-C37D2B03207C}.Release|Any CPU.ActiveCfg = Release|Any CPU
		{4E1F1B6C-42D3-4616-9760-C37D2B03207C}.Release|Any CPU.Build.0 = Release|Any CPU
		{FFD812CB-F903-4A80-8E8F-611DED196FE2}.Debug|Any CPU.ActiveCfg = Debug|Any CPU
		{FFD812CB-F903-4A80-8E8F-611DED196FE2}.Debug|Any CPU.Build.0 = Debug|Any CPU
		{FFD812CB-F903-4A80-8E8F-611DED196FE2}.Release|Any CPU.ActiveCfg = Release|Any CPU
		{FFD812CB-F903-4A80-8E8F-611DED196FE2}.Release|Any CPU.Build.0 = Release|Any CPU
		{BD833D23-EC2E-4DEE-B242-912B017EFAB0}.Debug|Any CPU.ActiveCfg = Debug|Any CPU
		{BD833D23-EC2E-4DEE-B242-912B017EFAB0}.Debug|Any CPU.Build.0 = Debug|Any CPU
		{BD833D23-EC2E-4DEE-B242-912B017EFAB0}.Release|Any CPU.ActiveCfg = Release|Any CPU
		{BD833D23-EC2E-4DEE-B242-912B017EFAB0}.Release|Any CPU.Build.0 = Release|Any CPU
		{FF9FAD93-1028-4E24-8328-6ACAC13E91DB}.Debug|Any CPU.ActiveCfg = Debug|Any CPU
		{FF9FAD93-1028-4E24-8328-6ACAC13E91DB}.Debug|Any CPU.Build.0 = Debug|Any CPU
		{FF9FAD93-1028-4E24-8328-6ACAC13E91DB}.Release|Any CPU.ActiveCfg = Release|Any CPU
		{FF9FAD93-1028-4E24-8328-6ACAC13E91DB}.Release|Any CPU.Build.0 = Release|Any CPU
	EndGlobalSection
	GlobalSection(SolutionProperties) = preSolution
		HideSolutionNode = FALSE
	EndGlobalSection
	GlobalSection(NestedProjects) = preSolution
		{C97FB121-EDE0-447F-820B-A7A7D9E8D11F} = {044D59DB-97DC-4217-8964-40271A229228}
		{FF9FAD93-1028-4E24-8328-6ACAC13E91DB} = {C97FB121-EDE0-447F-820B-A7A7D9E8D11F}
	EndGlobalSection
EndGlobal
